{
  "requires": true,
  "lockfileVersion": 1,
  "dependencies": {
    "@ngrx/effects": {
      "version": "8.0.1",
      "resolved": "https://registry.npmjs.org/@ngrx/effects/-/effects-8.0.1.tgz",
      "integrity": "sha512-f15SjzZ670HdHVpu3byOiP5R6MOxh/DMQgP8PynKtmadmkKkM69imGsp+8qDEQNABw5O8oJGAn8aLm76QGPnjQ=="
    }
  }
}
